{
  "name": "typikon-frontend",
  "version": "0.1.0",
  "lockfileVersion": 3,
  "requires": true,
  "packages": {
    "": {
      "name": "typikon-frontend",
      "version": "0.1.0",
      "dependencies": {
        "clsx": "^2.1.1",
        "lucide-react": "^0.453.0",
        "next": "14.2.35",
        "next-intl": "^3.22.1",
        "react": "^18.3.1",
        "react-dom": "^18.3.1",
        "swr": "^2.2.5"
      },
      "devDependencies": {
        "@types/node": "^22.8.1",
        "@types/react": "^18.3.12",
        "@types/react-dom": "^18.3.1",
        "autoprefixer": "^10.4.20",
        "postcss": "^8.4.47",
        "tailwindcss": "^3.4.14",
        "typescript": "^5.6.3"
      }
    },
    "node_modules/@alloc/quick-lru": {
      "version": "5.2.0",
      "resolved": "https://registry.npmjs.org/@alloc/quick-lru/-/quick-lru-5.2.0.tgz",
      "integrity": "sha512-UrcABB+4bUrFABwbluTIBErXwvbsU/V7TZWfmbgJfbkwiBuziS9gxdODUyuiecfdGQ85jglMW6juS3+z5TsKLw==",
      "dev": true,
      "license": "MIT",
      "engines": {
        "node": ">=10"
      },
      "funding": {
        "url": "https://github.com/sponsors/sindresorhus"
      }
    }
  }
}